// !$*UTF8*$!
{
	archiveVersion = 1;
	classes = {
	};
	objectVersion = 48;
	objects = {

/* Begin PBXBuildFile section */
		2235F9C1209E2CF000FDB21A /* Schedule-addViewController.swift in Sources */ = {isa = PBXBuildFile; fileRef = 2235F9C0209E2CF000FDB21A /* Schedule-addViewController.swift */; };
		224BC6F32098D1D500978E40 /* Singleton Vars.swift in Sources */ = {isa = PBXBuildFile; fileRef = 224BC6F22098D1D500978E40 /* Singleton Vars.swift */; };
		224BC6F520995ED000978E40 /* CourseNetworks.swift in Sources */ = {isa = PBXBuildFile; fileRef = 224BC6F420995ED000978E40 /* CourseNetworks.swift */; };
		226F007920940EA5006452CE /* optionsCollectionViewCell.swift in Sources */ = {isa = PBXBuildFile; fileRef = 226F007820940EA5006452CE /* optionsCollectionViewCell.swift */; };
		22E7378A209463F5006DA8AA /* DetailViewController.swift in Sources */ = {isa = PBXBuildFile; fileRef = 22E73789209463F5006DA8AA /* DetailViewController.swift */; };
		4662D09B209406FD00C62AF2 /* DiscoverViewController.swift in Sources */ = {isa = PBXBuildFile; fileRef = 4662D09A209406FD00C62AF2 /* DiscoverViewController.swift */; };
		4662D09D2094072500C62AF2 /* MyScheduleViewController.swift in Sources */ = {isa = PBXBuildFile; fileRef = 4662D09C2094072500C62AF2 /* MyScheduleViewController.swift */; };
		4662D09F209418B600C62AF2 /* MyCoursesCollectionViewCell.swift in Sources */ = {isa = PBXBuildFile; fileRef = 4662D09E209418B600C62AF2 /* MyCoursesCollectionViewCell.swift */; };
		4662D0A32094750200C62AF2 /* AddCoursesViewController.swift in Sources */ = {isa = PBXBuildFile; fileRef = 4662D0A22094750200C62AF2 /* AddCoursesViewController.swift */; };
		4662D0A52094753C00C62AF2 /* OptionsViewController.swift in Sources */ = {isa = PBXBuildFile; fileRef = 4662D0A42094753C00C62AF2 /* OptionsViewController.swift */; };
		4662D0A7209489B600C62AF2 /* SemesterCollectionViewCell.swift in Sources */ = {isa = PBXBuildFile; fileRef = 4662D0A6209489B600C62AF2 /* SemesterCollectionViewCell.swift */; };
		46E0C60A20926F760027B4FC /* AppDelegate.swift in Sources */ = {isa = PBXBuildFile; fileRef = 46E0C60920926F760027B4FC /* AppDelegate.swift */; };
		46E0C60C20926F760027B4FC /* ViewController.swift in Sources */ = {isa = PBXBuildFile; fileRef = 46E0C60B20926F760027B4FC /* ViewController.swift */; };
		46E0C61220926F760027B4FC /* _YearPlanner.xcdatamodeld in Sources */ = {isa = PBXBuildFile; fileRef = 46E0C61020926F760027B4FC /* _YearPlanner.xcdatamodeld */; };
		46E0C61420926F760027B4FC /* Assets.xcassets in Resources */ = {isa = PBXBuildFile; fileRef = 46E0C61320926F760027B4FC /* Assets.xcassets */; };
		46E0C61720926F760027B4FC /* LaunchScreen.storyboard in Resources */ = {isa = PBXBuildFile; fileRef = 46E0C61520926F760027B4FC /* LaunchScreen.storyboard */; };
		46E0C61F20926FC60027B4FC /* Class.swift in Sources */ = {isa = PBXBuildFile; fileRef = 46E0C61E20926FC60027B4FC /* Class.swift */; };
		46E0C62120926FD10027B4FC /* Requirements.swift in Sources */ = {isa = PBXBuildFile; fileRef = 46E0C62020926FD10027B4FC /* Requirements.swift */; };
		5EDCA5B2F202C6247D088156 /* Pods_4YearPlanner.framework in Frameworks */ = {isa = PBXBuildFile; fileRef = 9C438FCE3D4FB435908F17A0 /* Pods_4YearPlanner.framework */; };
		99C2181B20C5E2EF00E7C0C4 /* SettingsViewController.swift in Sources */ = {isa = PBXBuildFile; fileRef = 99C2181A20C5E2EF00E7C0C4 /* SettingsViewController.swift */; };
/* End PBXBuildFile section */

/* Begin PBXFileReference section */
		2235F9C0209E2CF000FDB21A /* Schedule-addViewController.swift */ = {isa = PBXFileReference; lastKnownFileType = sourcecode.swift; path = "Schedule-addViewController.swift"; sourceTree = "<group>"; };
		224BC6F22098D1D500978E40 /* Singleton Vars.swift */ = {isa = PBXFileReference; lastKnownFileType = sourcecode.swift; path = "Singleton Vars.swift"; sourceTree = "<group>"; };
		224BC6F420995ED000978E40 /* CourseNetworks.swift */ = {isa = PBXFileReference; lastKnownFileType = sourcecode.swift; path = CourseNetworks.swift; sourceTree = "<group>"; };
		226F007820940EA5006452CE /* optionsCollectionViewCell.swift */ = {isa = PBXFileReference; lastKnownFileType = sourcecode.swift; path = optionsCollectionViewCell.swift; sourceTree = "<group>"; };
		22E73789209463F5006DA8AA /* DetailViewController.swift */ = {isa = PBXFileReference; lastKnownFileType = sourcecode.swift; path = DetailViewController.swift; sourceTree = "<group>"; };
		4662D09A209406FD00C62AF2 /* DiscoverViewController.swift */ = {isa = PBXFileReference; lastKnownFileType = sourcecode.swift; path = DiscoverViewController.swift; sourceTree = "<group>"; };
		4662D09C2094072500C62AF2 /* MyScheduleViewController.swift */ = {isa = PBXFileReference; lastKnownFileType = sourcecode.swift; path = MyScheduleViewController.swift; sourceTree = "<group>"; };
		4662D09E209418B600C62AF2 /* MyCoursesCollectionViewCell.swift */ = {isa = PBXFileReference; lastKnownFileType = sourcecode.swift; path = MyCoursesCollectionViewCell.swift; sourceTree = "<group>"; };
		4662D0A22094750200C62AF2 /* AddCoursesViewController.swift */ = {isa = PBXFileReference; lastKnownFileType = sourcecode.swift; path = AddCoursesViewController.swift; sourceTree = "<group>"; };
		4662D0A42094753C00C62AF2 /* OptionsViewController.swift */ = {isa = PBXFileReference; lastKnownFileType = sourcecode.swift; path = OptionsViewController.swift; sourceTree = "<group>"; };
		4662D0A6209489B600C62AF2 /* SemesterCollectionViewCell.swift */ = {isa = PBXFileReference; lastKnownFileType = sourcecode.swift; path = SemesterCollectionViewCell.swift; sourceTree = "<group>"; };
		46E0C60620926F760027B4FC /* 4YearPlanner.app */ = {isa = PBXFileReference; explicitFileType = wrapper.application; includeInIndex = 0; path = 4YearPlanner.app; sourceTree = BUILT_PRODUCTS_DIR; };
		46E0C60920926F760027B4FC /* AppDelegate.swift */ = {isa = PBXFileReference; lastKnownFileType = sourcecode.swift; path = AppDelegate.swift; sourceTree = "<group>"; };
		46E0C60B20926F760027B4FC /* ViewController.swift */ = {isa = PBXFileReference; lastKnownFileType = sourcecode.swift; path = ViewController.swift; sourceTree = "<group>"; };
		46E0C61120926F760027B4FC /* _YearPlanner.xcdatamodel */ = {isa = PBXFileReference; lastKnownFileType = wrapper.xcdatamodel; path = _YearPlanner.xcdatamodel; sourceTree = "<group>"; };
		46E0C61320926F760027B4FC /* Assets.xcassets */ = {isa = PBXFileReference; lastKnownFileType = folder.assetcatalog; path = Assets.xcassets; sourceTree = "<group>"; };
		46E0C61620926F760027B4FC /* Base */ = {isa = PBXFileReference; lastKnownFileType = file.storyboard; name = Base; path = Base.lproj/LaunchScreen.storyboard; sourceTree = "<group>"; };
		46E0C61820926F760027B4FC /* Info.plist */ = {isa = PBXFileReference; lastKnownFileType = text.plist.xml; path = Info.plist; sourceTree = "<group>"; };
		46E0C61E20926FC60027B4FC /* Class.swift */ = {isa = PBXFileReference; lastKnownFileType = sourcecode.swift; path = Class.swift; sourceTree = "<group>"; };
		46E0C62020926FD10027B4FC /* Requirements.swift */ = {isa = PBXFileReference; lastKnownFileType = sourcecode.swift; path = Requirements.swift; sourceTree = "<group>"; };
		4EFA9FF5B4B4EB29D34E37BD /* Pods-4YearPlanner.debug.xcconfig */ = {isa = PBXFileReference; includeInIndex = 1; lastKnownFileType = text.xcconfig; name = "Pods-4YearPlanner.debug.xcconfig"; path = "Pods/Target Support Files/Pods-4YearPlanner/Pods-4YearPlanner.debug.xcconfig"; sourceTree = "<group>"; };
		5D68EBFADEE9568E4BB1AA69 /* Pods-4YearPlanner.release.xcconfig */ = {isa = PBXFileReference; includeInIndex = 1; lastKnownFileType = text.xcconfig; name = "Pods-4YearPlanner.release.xcconfig"; path = "Pods/Target Support Files/Pods-4YearPlanner/Pods-4YearPlanner.release.xcconfig"; sourceTree = "<group>"; };
		99C2181A20C5E2EF00E7C0C4 /* SettingsViewController.swift */ = {isa = PBXFileReference; lastKnownFileType = sourcecode.swift; path = SettingsViewController.swift; sourceTree = "<group>"; };
		9C438FCE3D4FB435908F17A0 /* Pods_4YearPlanner.framework */ = {isa = PBXFileReference; explicitFileType = wrapper.framework; includeInIndex = 0; path = Pods_4YearPlanner.framework; sourceTree = BUILT_PRODUCTS_DIR; };
/* End PBXFileReference section */

/* Begin PBXFrameworksBuildPhase section */
		46E0C60320926F760027B4FC /* Frameworks */ = {
			isa = PBXFrameworksBuildPhase;
			buildActionMask = 2147483647;
			files = (
				5EDCA5B2F202C6247D088156 /* Pods_4YearPlanner.framework in Frameworks */,
			);
			runOnlyForDeploymentPostprocessing = 0;
		};
/* End PBXFrameworksBuildPhase section */

/* Begin PBXGroup section */
		10B629C8D359ADE003318BF2 /* Pods */ = {
			isa = PBXGroup;
			children = (
				4EFA9FF5B4B4EB29D34E37BD /* Pods-4YearPlanner.debug.xcconfig */,
				5D68EBFADEE9568E4BB1AA69 /* Pods-4YearPlanner.release.xcconfig */,
			);
			name = Pods;
			sourceTree = "<group>";
		};
		22411A0D209666F100BA02D9 /* My Schedule Tab */ = {
			isa = PBXGroup;
			children = (
				4662D09C2094072500C62AF2 /* MyScheduleViewController.swift */,
				2235F9C0209E2CF000FDB21A /* Schedule-addViewController.swift */,
			);
			path = "My Schedule Tab";
			sourceTree = "<group>";
		};
		22411A0E2096673800BA02D9 /* Discover Tab */ = {
			isa = PBXGroup;
			children = (
				4662D0A22094750200C62AF2 /* AddCoursesViewController.swift */,
				4662D0A6209489B600C62AF2 /* SemesterCollectionViewCell.swift */,
				4662D0A42094753C00C62AF2 /* OptionsViewController.swift */,
				4662D09A209406FD00C62AF2 /* DiscoverViewController.swift */,
				226F007820940EA5006452CE /* optionsCollectionViewCell.swift */,
			);
			path = "Discover Tab";
			sourceTree = "<group>";
		};
		22411A0F2096691200BA02D9 /* Used Across Both */ = {
			isa = PBXGroup;
			children = (
				4662D09E209418B600C62AF2 /* MyCoursesCollectionViewCell.swift */,
				22E73789209463F5006DA8AA /* DetailViewController.swift */,
			);
			path = "Used Across Both";
			sourceTree = "<group>";
		};
		46E0C5FD20926F760027B4FC = {
			isa = PBXGroup;
			children = (
				46E0C60820926F760027B4FC /* 4YearPlanner */,
				46E0C60720926F760027B4FC /* Products */,
				10B629C8D359ADE003318BF2 /* Pods */,
				73FB9959629C8DB46F3E213F /* Frameworks */,
			);
			sourceTree = "<group>";
		};
		46E0C60720926F760027B4FC /* Products */ = {
			isa = PBXGroup;
			children = (
				46E0C60620926F760027B4FC /* 4YearPlanner.app */,
			);
			name = Products;
			sourceTree = "<group>";
		};
		46E0C60820926F760027B4FC /* 4YearPlanner */ = {
			isa = PBXGroup;
			children = (
				46E0C60920926F760027B4FC /* AppDelegate.swift */,
				46E0C60B20926F760027B4FC /* ViewController.swift */,
				224BC6F420995ED000978E40 /* CourseNetworks.swift */,
				46E0C61E20926FC60027B4FC /* Class.swift */,
				46E0C62020926FD10027B4FC /* Requirements.swift */,
				224BC6F22098D1D500978E40 /* Singleton Vars.swift */,
				99C2181A20C5E2EF00E7C0C4 /* SettingsViewController.swift */,
				22411A0D209666F100BA02D9 /* My Schedule Tab */,
				22411A0E2096673800BA02D9 /* Discover Tab */,
				22411A0F2096691200BA02D9 /* Used Across Both */,
				46E0C61320926F760027B4FC /* Assets.xcassets */,
				46E0C61520926F760027B4FC /* LaunchScreen.storyboard */,
				46E0C61820926F760027B4FC /* Info.plist */,
				46E0C61020926F760027B4FC /* _YearPlanner.xcdatamodeld */,
			);
			path = 4YearPlanner;
			sourceTree = "<group>";
		};
		73FB9959629C8DB46F3E213F /* Frameworks */ = {
			isa = PBXGroup;
			children = (
				9C438FCE3D4FB435908F17A0 /* Pods_4YearPlanner.framework */,
			);
			name = Frameworks;
			sourceTree = "<group>";
		};
/* End PBXGroup section */

/* Begin PBXNativeTarget section */
		46E0C60520926F760027B4FC /* 4YearPlanner */ = {
			isa = PBXNativeTarget;
			buildConfigurationList = 46E0C61B20926F760027B4FC /* Build configuration list for PBXNativeTarget "4YearPlanner" */;
			buildPhases = (
				2F01CE5E05D0BFBFDBD34085 /* [CP] Check Pods Manifest.lock */,
				46E0C60220926F760027B4FC /* Sources */,
				46E0C60320926F760027B4FC /* Frameworks */,
				46E0C60420926F760027B4FC /* Resources */,
				8C5041E7BA52DA41F0E08B9E /* [CP] Embed Pods Frameworks */,
			);
			buildRules = (
			);
			dependencies = (
			);
			name = 4YearPlanner;
			productName = 4YearPlanner;
			productReference = 46E0C60620926F760027B4FC /* 4YearPlanner.app */;
			productType = "com.apple.product-type.application";
		};
/* End PBXNativeTarget section */

/* Begin PBXProject section */
		46E0C5FE20926F760027B4FC /* Project object */ = {
			isa = PBXProject;
			attributes = {
				LastSwiftUpdateCheck = 0920;
				LastUpgradeCheck = 0930;
				ORGANIZATIONNAME = "Conner Swenberg";
				TargetAttributes = {
					46E0C60520926F760027B4FC = {
						CreatedOnToolsVersion = 9.2;
						ProvisioningStyle = Automatic;
					};
				};
			};
			buildConfigurationList = 46E0C60120926F760027B4FC /* Build configuration list for PBXProject "4YearPlanner" */;
			compatibilityVersion = "Xcode 8.0";
			developmentRegion = en;
			hasScannedForEncodings = 0;
			knownRegions = (
				en,
				Base,
			);
			mainGroup = 46E0C5FD20926F760027B4FC;
			productRefGroup = 46E0C60720926F760027B4FC /* Products */;
			projectDirPath = "";
			projectRoot = "";
			targets = (
				46E0C60520926F760027B4FC /* 4YearPlanner */,
			);
		};
/* End PBXProject section */

/* Begin PBXResourcesBuildPhase section */
		46E0C60420926F760027B4FC /* Resources */ = {
			isa = PBXResourcesBuildPhase;
			buildActionMask = 2147483647;
			files = (
				46E0C61720926F760027B4FC /* LaunchScreen.storyboard in Resources */,
				46E0C61420926F760027B4FC /* Assets.xcassets in Resources */,
			);
			runOnlyForDeploymentPostprocessing = 0;
		};
/* End PBXResourcesBuildPhase section */

/* Begin PBXShellScriptBuildPhase section */
		2F01CE5E05D0BFBFDBD34085 /* [CP] Check Pods Manifest.lock */ = {
			isa = PBXShellScriptBuildPhase;
			buildActionMask = 2147483647;
			files = (
			);
			inputPaths = (
				"${PODS_PODFILE_DIR_PATH}/Podfile.lock",
				"${PODS_ROOT}/Manifest.lock",
			);
			name = "[CP] Check Pods Manifest.lock";
			outputPaths = (
				"$(DERIVED_FILE_DIR)/Pods-4YearPlanner-checkManifestLockResult.txt",
			);
			runOnlyForDeploymentPostprocessing = 0;
			shellPath = /bin/sh;
			shellScript = "diff \"${PODS_PODFILE_DIR_PATH}/Podfile.lock\" \"${PODS_ROOT}/Manifest.lock\" > /dev/null\nif [ $? != 0 ] ; then\n    # print error to STDERR\n    echo \"error: The sandbox is not in sync with the Podfile.lock. Run 'pod install' or update your CocoaPods installation.\" >&2\n    exit 1\nfi\n# This output is used by Xcode 'outputs' to avoid re-running this script phase.\necho \"SUCCESS\" > \"${SCRIPT_OUTPUT_FILE_0}\"\n";
			showEnvVarsInLog = 0;
		};
		8C5041E7BA52DA41F0E08B9E /* [CP] Embed Pods Frameworks */ = {
			isa = PBXShellScriptBuildPhase;
			buildActionMask = 2147483647;
			files = (
			);
			inputPaths = (
				"${SRCROOT}/Pods/Target Support Files/Pods-4YearPlanner/Pods-4YearPlanner-frameworks.sh",
				"${BUILT_PRODUCTS_DIR}/Alamofire/Alamofire.framework",
				"${BUILT_PRODUCTS_DIR}/SnapKit/SnapKit.framework",
				"${BUILT_PRODUCTS_DIR}/SwiftyJSON/SwiftyJSON.framework",
			);
			name = "[CP] Embed Pods Frameworks";
			outputPaths = (
				"${TARGET_BUILD_DIR}/${FRAMEWORKS_FOLDER_PATH}/Alamofire.framework",
				"${TARGET_BUILD_DIR}/${FRAMEWORKS_FOLDER_PATH}/SnapKit.framework",
				"${TARGET_BUILD_DIR}/${FRAMEWORKS_FOLDER_PATH}/SwiftyJSON.framework",
			);
			runOnlyForDeploymentPostprocessing = 0;
			shellPath = /bin/sh;
			shellScript = "\"${SRCROOT}/Pods/Target Support Files/Pods-4YearPlanner/Pods-4YearPlanner-frameworks.sh\"\n";
			showEnvVarsInLog = 0;
		};
/* End PBXShellScriptBuildPhase section */

/* Begin PBXSourcesBuildPhase section */
		46E0C60220926F760027B4FC /* Sources */ = {
			isa = PBXSourcesBuildPhase;
			buildActionMask = 2147483647;
			files = (
				46E0C61F20926FC60027B4FC /* Class.swift in Sources */,
				2235F9C1209E2CF000FDB21A /* Schedule-addViewController.swift in Sources */,
				4662D0A7209489B600C62AF2 /* SemesterCollectionViewCell.swift in Sources */,
				46E0C60C20926F760027B4FC /* ViewController.swift in Sources */,
				46E0C61220926F760027B4FC /* _YearPlanner.xcdatamodeld in Sources */,
				4662D09B209406FD00C62AF2 /* DiscoverViewController.swift in Sources */,
				4662D09D2094072500C62AF2 /* MyScheduleViewController.swift in Sources */,
				226F007920940EA5006452CE /* optionsCollectionViewCell.swift in Sources */,
				4662D09F209418B600C62AF2 /* MyCoursesCollectionViewCell.swift in Sources */,
				22E7378A209463F5006DA8AA /* DetailViewController.swift in Sources */,
				4662D0A32094750200C62AF2 /* AddCoursesViewController.swift in Sources */,
				4662D0A52094753C00C62AF2 /* OptionsViewController.swift in Sources */,
				99C2181B20C5E2EF00E7C0C4 /* SettingsViewController.swift in Sources */,
				224BC6F32098D1D500978E40 /* Singleton Vars.swift in Sources */,
				224BC6F520995ED000978E40 /* CourseNetworks.swift in Sources */,
				46E0C60A20926F760027B4FC /* AppDelegate.swift in Sources */,
				46E0C62120926FD10027B4FC /* Requirements.swift in Sources */,
			);
			runOnlyForDeploymentPostprocessing = 0;
		};
/* End PBXSourcesBuildPhase section */

/* Begin PBXVariantGroup section */
		46E0C61520926F760027B4FC /* LaunchScreen.storyboard */ = {
			isa = PBXVariantGroup;
			children = (
				46E0C61620926F760027B4FC /* Base */,
			);
			name = LaunchScreen.storyboard;
			sourceTree = "<group>";
		};
/* End PBXVariantGroup section */

/* Begin XCBuildConfiguration section */
		46E0C61920926F760027B4FC /* Debug */ = {
			isa = XCBuildConfiguration;
			buildSettings = {
				ALWAYS_SEARCH_USER_PATHS = NO;
				CLANG_ANALYZER_NONNULL = YES;
				CLANG_ANALYZER_NUMBER_OBJECT_CONVERSION = YES_AGGRESSIVE;
				CLANG_CXX_LANGUAGE_STANDARD = "gnu++14";
				CLANG_CXX_LIBRARY = "libc++";
				CLANG_ENABLE_MODULES = YES;
				CLANG_ENABLE_OBJC_ARC = YES;
				CLANG_WARN_BLOCK_CAPTURE_AUTORELEASING = YES;
				CLANG_WARN_BOOL_CONVERSION = YES;
				CLANG_WARN_COMMA = YES;
				CLANG_WARN_CONSTANT_CONVERSION = YES;
				CLANG_WARN_DEPRECATED_OBJC_IMPLEMENTATIONS = YES;
				CLANG_WARN_DIRECT_OBJC_ISA_USAGE = YES_ERROR;
				CLANG_WARN_DOCUMENTATION_COMMENTS = YES;
				CLANG_WARN_EMPTY_BODY = YES;
				CLANG_WARN_ENUM_CONVERSION = YES;
				CLANG_WARN_INFINITE_RECURSION = YES;
				CLANG_WARN_INT_CONVERSION = YES;
				CLANG_WARN_NON_LITERAL_NULL_CONVERSION = YES;
				CLANG_WARN_OBJC_IMPLICIT_RETAIN_SELF = YES;
				CLANG_WARN_OBJC_LITERAL_CONVERSION = YES;
				CLANG_WARN_OBJC_ROOT_CLASS = YES_ERROR;
				CLANG_WARN_RANGE_LOOP_ANALYSIS = YES;
				CLANG_WARN_STRICT_PROTOTYPES = YES;
				CLANG_WARN_SUSPICIOUS_MOVE = YES;
				CLANG_WARN_UNGUARDED_AVAILABILITY = YES_AGGRESSIVE;
				CLANG_WARN_UNREACHABLE_CODE = YES;
				CLANG_WARN__DUPLICATE_METHOD_MATCH = YES;
				CODE_SIGN_IDENTITY = "iPhone Developer";
				COPY_PHASE_STRIP = NO;
				DEBUG_INFORMATION_FORMAT = dwarf;
				ENABLE_STRICT_OBJC_MSGSEND = YES;
				ENABLE_TESTABILITY = YES;
				GCC_C_LANGUAGE_STANDARD = gnu11;
				GCC_DYNAMIC_NO_PIC = NO;
				GCC_NO_COMMON_BLOCKS = YES;
				GCC_OPTIMIZATION_LEVEL = 0;
				GCC_PREPROCESSOR_DEFINITIONS = (
					"DEBUG=1",
					"$(inherited)",
				);
				GCC_WARN_64_TO_32_BIT_CONVERSION = YES;
				GCC_WARN_ABOUT_RETURN_TYPE = YES_ERROR;
				GCC_WARN_UNDECLARED_SELECTOR = YES;
				GCC_WARN_UNINITIALIZED_AUTOS = YES_AGGRESSIVE;
				GCC_WARN_UNUSED_FUNCTION = YES;
				GCC_WARN_UNUSED_VARIABLE = YES;
				IPHONEOS_DEPLOYMENT_TARGET = 11.2;
				MTL_ENABLE_DEBUG_INFO = YES;
				ONLY_ACTIVE_ARCH = YES;
				SDKROOT = iphoneos;
				SWIFT_ACTIVE_COMPILATION_CONDITIONS = DEBUG;
				SWIFT_OPTIMIZATION_LEVEL = "-Onone";
			};
			name = Debug;
		};
		46E0C61A20926F760027B4FC /* Release */ = {
			isa = XCBuildConfiguration;
			buildSettings = {
				ALWAYS_SEARCH_USER_PATHS = NO;
				CLANG_ANALYZER_NONNULL = YES;
				CLANG_ANALYZER_NUMBER_OBJECT_CONVERSION = YES_AGGRESSIVE;
				CLANG_CXX_LANGUAGE_STANDARD = "gnu++14";
				CLANG_CXX_LIBRARY = "libc++";
				CLANG_ENABLE_MODULES = YES;
				CLANG_ENABLE_OBJC_ARC = YES;
				CLANG_WARN_BLOCK_CAPTURE_AUTORELEASING = YES;
				CLANG_WARN_BOOL_CONVERSION = YES;
				CLANG_WARN_COMMA = YES;
				CLANG_WARN_CONSTANT_CONVERSION = YES;
				CLANG_WARN_DEPRECATED_OBJC_IMPLEMENTATIONS = YES;
				CLANG_WARN_DIRECT_OBJC_ISA_USAGE = YES_ERROR;
				CLANG_WARN_DOCUMENTATION_COMMENTS = YES;
				CLANG_WARN_EMPTY_BODY = YES;
				CLANG_WARN_ENUM_CONVERSION = YES;
				CLANG_WARN_INFINITE_RECURSION = YES;
				CLANG_WARN_INT_CONVERSION = YES;
				CLANG_WARN_NON_LITERAL_NULL_CONVERSION = YES;
				CLANG_WARN_OBJC_IMPLICIT_RETAIN_SELF = YES;
				CLANG_WARN_OBJC_LITERAL_CONVERSION = YES;
				CLANG_WARN_OBJC_ROOT_CLASS = YES_ERROR;
				CLANG_WARN_RANGE_LOOP_ANALYSIS = YES;
				CLANG_WARN_STRICT_PROTOTYPES = YES;
				CLANG_WARN_SUSPICIOUS_MOVE = YES;
				CLANG_WARN_UNGUARDED_AVAILABILITY = YES_AGGRESSIVE;
				CLANG_WARN_UNREACHABLE_CODE = YES;
				CLANG_WARN__DUPLICATE_METHOD_MATCH = YES;
				CODE_SIGN_IDENTITY = "iPhone Developer";
				COPY_PHASE_STRIP = NO;
				DEBUG_INFORMATION_FORMAT = "dwarf-with-dsym";
				ENABLE_NS_ASSERTIONS = NO;
				ENABLE_STRICT_OBJC_MSGSEND = YES;
				GCC_C_LANGUAGE_STANDARD = gnu11;
				GCC_NO_COMMON_BLOCKS = YES;
				GCC_WARN_64_TO_32_BIT_CONVERSION = YES;
				GCC_WARN_ABOUT_RETURN_TYPE = YES_ERROR;
				GCC_WARN_UNDECLARED_SELECTOR = YES;
				GCC_WARN_UNINITIALIZED_AUTOS = YES_AGGRESSIVE;
				GCC_WARN_UNUSED_FUNCTION = YES;
				GCC_WARN_UNUSED_VARIABLE = YES;
				IPHONEOS_DEPLOYMENT_TARGET = 11.2;
				MTL_ENABLE_DEBUG_INFO = NO;
				SDKROOT = iphoneos;
				SWIFT_OPTIMIZATION_LEVEL = "-Owholemodule";
				VALIDATE_PRODUCT = YES;
			};
			name = Release;
		};
		46E0C61C20926F760027B4FC /* Debug */ = {
			isa = XCBuildConfiguration;
			baseConfigurationReference = 4EFA9FF5B4B4EB29D34E37BD /* Pods-4YearPlanner.debug.xcconfig */;
			buildSettings = {
				ASSETCATALOG_COMPILER_APPICON_NAME = AppIcon;
				CODE_SIGN_STYLE = Automatic;
				INFOPLIST_FILE = 4YearPlanner/Info.plist;
				LD_RUNPATH_SEARCH_PATHS = "$(inherited) @executable_path/Frameworks";
				PRODUCT_BUNDLE_IDENTIFIER = "AppDev.-YearPlanner";
				PRODUCT_NAME = "$(TARGET_NAME)";
				SWIFT_VERSION = 4.0;
				TARGETED_DEVICE_FAMILY = "1,2";
			};
			name = Debug;
		};
		46E0C61D20926F760027B4FC /* Release */ = {
			isa = XCBuildConfiguration;
			baseConfigurationReference = 5D68EBFADEE9568E4BB1AA69 /* Pods-4YearPlanner.release.xcconfig */;
			buildSettings = {
				ASSETCATALOG_COMPILER_APPICON_NAME = AppIcon;
				CODE_SIGN_STYLE = Automatic;
				INFOPLIST_FILE = 4YearPlanner/Info.plist;
				LD_RUNPATH_SEARCH_PATHS = "$(inherited) @executable_path/Frameworks";
				PRODUCT_BUNDLE_IDENTIFIER = "AppDev.-YearPlanner";
				PRODUCT_NAME = "$(TARGET_NAME)";
				SWIFT_VERSION = 4.0;
				TARGETED_DEVICE_FAMILY = "1,2";
			};
			name = Release;
		};
/* End XCBuildConfiguration section */

/* Begin XCConfigurationList section */
		46E0C60120926F760027B4FC /* Build configuration list for PBXProject "4YearPlanner" */ = {
			isa = XCConfigurationList;
			buildConfigurations = (
				46E0C61920926F760027B4FC /* Debug */,
				46E0C61A20926F760027B4FC /* Release */,
			);
			defaultConfigurationIsVisible = 0;
			defaultConfigurationName = Release;
		};
		46E0C61B20926F760027B4FC /* Build configuration list for PBXNativeTarget "4YearPlanner" */ = {
			isa = XCConfigurationList;
			buildConfigurations = (
				46E0C61C20926F760027B4FC /* Debug */,
				46E0C61D20926F760027B4FC /* Release */,
			);
			defaultConfigurationIsVisible = 0;
			defaultConfigurationName = Release;
		};
/* End XCConfigurationList section */

/* Begin XCVersionGroup section */
		46E0C61020926F760027B4FC /* _YearPlanner.xcdatamodeld */ = {
			isa = XCVersionGroup;
			children = (
				46E0C61120926F760027B4FC /* _YearPlanner.xcdatamodel */,
			);
			currentVersion = 46E0C61120926F760027B4FC /* _YearPlanner.xcdatamodel */;
			path = _YearPlanner.xcdatamodeld;
			sourceTree = "<group>";
			versionGroupType = wrapper.xcdatamodel;
		};
/* End XCVersionGroup section */
	};
	rootObject = 46E0C5FE20926F760027B4FC /* Project object */;
}
